
Microsoft Visual Studio Solution File, Format Version 12.00
# Visual Studio 15
VisualStudioVersion = 15.0.27428.2043
MinimumVisualStudioVersion = 10.0.40219.1
Project("{8BC9CEB8-8B4A-11D0-8D11-00A0C91BC942}") = "mdump", "mdump.vcxproj", "{342029A3-AD75-4452-A77C-14590315CDA2}"
EndProject
Global
	GlobalSection(SolutionConfigurationPlatforms) = preSolution
		Debug|x86 = Debug|x86
		Release|x86 = Release|x86
	EndGlobalSection
	GlobalSection(ProjectConfigurationPlatforms) = postSolution
		{342029A3-AD75-4452-A77C-14590315CDA2}.Debug|x86.ActiveCfg = Debug|Win32
		{342029A3-AD75-4452-A77C-14590315CDA2}.Debug|x86.Build.0 = Debug|Win32
		{342029A3-AD75-4452-A77C-14590315CDA2}.Release|x86.ActiveCfg = Release|Win32
		{342029A3-AD75-4452-A77C-14590315CDA2}.Release|x86.Build.0 = Release|Win32
	EndGlobalSection
	GlobalSection(SolutionProperties) = preSolution
		HideSolutionNode = FALSE
	EndGlobalSection
	GlobalSection(ExtensibilityGlobals) = postSolution
		SolutionGuid = {8CF3A7C0-2BF6-43B3-8617-321033F96034}
	EndGlobalSection
EndGlobal
